// !$*UTF8*$!
{
	archiveVersion = 1;
	classes = {
	};
	objectVersion = 56;
	objects = {

/* Begin PBXBuildFile section */
		DAC8E0A82C58452E009CC84B /* Code.swift in Sources */ = {isa = PBXBuildFile; fileRef = DAC8E0962C58452E009CC84B /* Code.swift */; };
		DAC8E0A92C58452E009CC84B /* CodeDictionary.swift in Sources */ = {isa = PBXBuildFile; fileRef = DAC8E0972C58452E009CC84B /* CodeDictionary.swift */; };
		DAC8E0AA2C58452E009CC84B /* CodeTree.swift in Sources */ = {isa = PBXBuildFile; fileRef = DAC8E0982C58452E009CC84B /* CodeTree.swift */; };
		DAC8E0AB2C58452E009CC84B /* Prosigns.swift in Sources */ = {isa = PBXBuildFile; fileRef = DAC8E0992C58452E009CC84B /* Prosigns.swift */; };
		DAC8E0AC2C58452E009CC84B /* Signal.swift in Sources */ = {isa = PBXBuildFile; fileRef = DAC8E09A2C58452E009CC84B /* Signal.swift */; };
		DAC8E0AD2C58452E009CC84B /* Preview Assets.xcassets in Resources */ = {isa = PBXBuildFile; fileRef = DAC8E09C2C58452E009CC84B /* Preview Assets.xcassets */; };
		DAC8E0AE2C58452E009CC84B /* CodeTreeView.swift in Sources */ = {isa = PBXBuildFile; fileRef = DAC8E09E2C58452E009CC84B /* CodeTreeView.swift */; };
		DAC8E0AF2C58452E009CC84B /* CodeView.swift in Sources */ = {isa = PBXBuildFile; fileRef = DAC8E09F2C58452E009CC84B /* CodeView.swift */; };
		DAC8E0B02C58452E009CC84B /* DecoderView.swift in Sources */ = {isa = PBXBuildFile; fileRef = DAC8E0A02C58452E009CC84B /* DecoderView.swift */; };
		DAC8E0B12C58452E009CC84B /* SignalView.swift in Sources */ = {isa = PBXBuildFile; fileRef = DAC8E0A12C58452E009CC84B /* SignalView.swift */; };
		DAC8E0B22C58452E009CC84B /* SignView.swift in Sources */ = {isa = PBXBuildFile; fileRef = DAC8E0A22C58452E009CC84B /* SignView.swift */; };
		DAC8E0B32C58452E009CC84B /* Assets.xcassets in Resources */ = {isa = PBXBuildFile; fileRef = DAC8E0A42C58452E009CC84B /* Assets.xcassets */; };
		DAC8E0B42C58452E009CC84B /* DancerApp.swift in Sources */ = {isa = PBXBuildFile; fileRef = DAC8E0A62C58452E009CC84B /* DancerApp.swift */; };
/* End PBXBuildFile section */

/* Begin PBXFileReference section */
		DA05BC3E2C556EB6007ED04E /* Dancer.app */ = {isa = PBXFileReference; explicitFileType = wrapper.application; includeInIndex = 0; path = Dancer.app; sourceTree = BUILT_PRODUCTS_DIR; };
		DAC8E0962C58452E009CC84B /* Code.swift */ = {isa = PBXFileReference; fileEncoding = 4; lastKnownFileType = sourcecode.swift; path = Code.swift; sourceTree = "<group>"; };
		DAC8E0972C58452E009CC84B /* CodeDictionary.swift */ = {isa = PBXFileReference; fileEncoding = 4; lastKnownFileType = sourcecode.swift; path = CodeDictionary.swift; sourceTree = "<group>"; };
		DAC8E0982C58452E009CC84B /* CodeTree.swift */ = {isa = PBXFileReference; fileEncoding = 4; lastKnownFileType = sourcecode.swift; path = CodeTree.swift; sourceTree = "<group>"; };
		DAC8E0992C58452E009CC84B /* Prosigns.swift */ = {isa = PBXFileReference; fileEncoding = 4; lastKnownFileType = sourcecode.swift; path = Prosigns.swift; sourceTree = "<group>"; };
		DAC8E09A2C58452E009CC84B /* Signal.swift */ = {isa = PBXFileReference; fileEncoding = 4; lastKnownFileType = sourcecode.swift; path = Signal.swift; sourceTree = "<group>"; };
		DAC8E09C2C58452E009CC84B /* Preview Assets.xcassets */ = {isa = PBXFileReference; lastKnownFileType = folder.assetcatalog; path = "Preview Assets.xcassets"; sourceTree = "<group>"; };
		DAC8E09E2C58452E009CC84B /* CodeTreeView.swift */ = {isa = PBXFileReference; fileEncoding = 4; lastKnownFileType = sourcecode.swift; path = CodeTreeView.swift; sourceTree = "<group>"; };
		DAC8E09F2C58452E009CC84B /* CodeView.swift */ = {isa = PBXFileReference; fileEncoding = 4; lastKnownFileType = sourcecode.swift; path = CodeView.swift; sourceTree = "<group>"; };
		DAC8E0A02C58452E009CC84B /* DecoderView.swift */ = {isa = PBXFileReference; fileEncoding = 4; lastKnownFileType = sourcecode.swift; path = DecoderView.swift; sourceTree = "<group>"; };
		DAC8E0A12C58452E009CC84B /* SignalView.swift */ = {isa = PBXFileReference; fileEncoding = 4; lastKnownFileType = sourcecode.swift; path = SignalView.swift; sourceTree = "<group>"; };
		DAC8E0A22C58452E009CC84B /* SignView.swift */ = {isa = PBXFileReference; fileEncoding = 4; lastKnownFileType = sourcecode.swift; path = SignView.swift; sourceTree = "<group>"; };
		DAC8E0A42C58452E009CC84B /* Assets.xcassets */ = {isa = PBXFileReference; lastKnownFileType = folder.assetcatalog; path = Assets.xcassets; sourceTree = "<group>"; };
		DAC8E0A52C58452E009CC84B /* Dancer.entitlements */ = {isa = PBXFileReference; fileEncoding = 4; lastKnownFileType = text.plist.entitlements; path = Dancer.entitlements; sourceTree = "<group>"; };
		DAC8E0A62C58452E009CC84B /* DancerApp.swift */ = {isa = PBXFileReference; fileEncoding = 4; lastKnownFileType = sourcecode.swift; path = DancerApp.swift; sourceTree = "<group>"; };
		DAD3BC292C5847D600FDB0CE /* README.md */ = {isa = PBXFileReference; lastKnownFileType = net.daringfireball.markdown; path = README.md; sourceTree = "<group>"; };
/* End PBXFileReference section */

/* Begin PBXFrameworksBuildPhase section */
		DA05BC3B2C556EB6007ED04E /* Frameworks */ = {
			isa = PBXFrameworksBuildPhase;
			buildActionMask = 2147483647;
			files = (
			);
			runOnlyForDeploymentPostprocessing = 0;
		};
/* End PBXFrameworksBuildPhase section */

/* Begin PBXGroup section */
		DA05BC352C556EB6007ED04E = {
			isa = PBXGroup;
			children = (
				DAD3BC292C5847D600FDB0CE /* README.md */,
				DAC8E0A72C58452E009CC84B /* Dancer */,
				DA05BC3F2C556EB6007ED04E /* Products */,
			);
			sourceTree = "<group>";
		};
		DA05BC3F2C556EB6007ED04E /* Products */ = {
			isa = PBXGroup;
			children = (
				DA05BC3E2C556EB6007ED04E /* Dancer.app */,
			);
			name = Products;
			sourceTree = "<group>";
		};
		DAC8E09B2C58452E009CC84B /* Models */ = {
			isa = PBXGroup;
			children = (
				DAC8E0962C58452E009CC84B /* Code.swift */,
				DAC8E0972C58452E009CC84B /* CodeDictionary.swift */,
				DAC8E0982C58452E009CC84B /* CodeTree.swift */,
				DAC8E0992C58452E009CC84B /* Prosigns.swift */,
				DAC8E09A2C58452E009CC84B /* Signal.swift */,
			);
			path = Models;
			sourceTree = "<group>";
		};
		DAC8E09D2C58452E009CC84B /* Preview Content */ = {
			isa = PBXGroup;
			children = (
				DAC8E09C2C58452E009CC84B /* Preview Assets.xcassets */,
			);
			path = "Preview Content";
			sourceTree = "<group>";
		};
		DAC8E0A32C58452E009CC84B /* Views */ = {
			isa = PBXGroup;
			children = (
				DAC8E09E2C58452E009CC84B /* CodeTreeView.swift */,
				DAC8E09F2C58452E009CC84B /* CodeView.swift */,
				DAC8E0A02C58452E009CC84B /* DecoderView.swift */,
				DAC8E0A12C58452E009CC84B /* SignalView.swift */,
				DAC8E0A22C58452E009CC84B /* SignView.swift */,
			);
			path = Views;
			sourceTree = "<group>";
		};
		DAC8E0A72C58452E009CC84B /* Dancer */ = {
			isa = PBXGroup;
			children = (
				DAC8E09B2C58452E009CC84B /* Models */,
				DAC8E09D2C58452E009CC84B /* Preview Content */,
				DAC8E0A32C58452E009CC84B /* Views */,
				DAC8E0A42C58452E009CC84B /* Assets.xcassets */,
				DAC8E0A52C58452E009CC84B /* Dancer.entitlements */,
				DAC8E0A62C58452E009CC84B /* DancerApp.swift */,
			);
			path = Dancer;
			sourceTree = "<group>";
		};
/* End PBXGroup section */

/* Begin PBXNativeTarget section */
		DA05BC3D2C556EB6007ED04E /* Dancer */ = {
			isa = PBXNativeTarget;
			buildConfigurationList = DA05BC4D2C556EB8007ED04E /* Build configuration list for PBXNativeTarget "Dancer" */;
			buildPhases = (
				DA05BC3A2C556EB6007ED04E /* Sources */,
				DA05BC3B2C556EB6007ED04E /* Frameworks */,
				DA05BC3C2C556EB6007ED04E /* Resources */,
			);
			buildRules = (
			);
			dependencies = (
			);
			name = Dancer;
			productName = Dancer;
			productReference = DA05BC3E2C556EB6007ED04E /* Dancer.app */;
			productType = "com.apple.product-type.application";
		};
/* End PBXNativeTarget section */

/* Begin PBXProject section */
		DA05BC362C556EB6007ED04E /* Project object */ = {
			isa = PBXProject;
			attributes = {
				BuildIndependentTargetsInParallel = 1;
				LastSwiftUpdateCheck = 1540;
				LastUpgradeCheck = 1540;
				TargetAttributes = {
					DA05BC3D2C556EB6007ED04E = {
						CreatedOnToolsVersion = 15.4;
					};
				};
			};
			buildConfigurationList = DA05BC392C556EB6007ED04E /* Build configuration list for PBXProject "Dancer" */;
			compatibilityVersion = "Xcode 14.0";
			developmentRegion = en;
			hasScannedForEncodings = 0;
			knownRegions = (
				en,
				Base,
			);
			mainGroup = DA05BC352C556EB6007ED04E;
			productRefGroup = DA05BC3F2C556EB6007ED04E /* Products */;
			projectDirPath = "";
			projectRoot = "";
			targets = (
				DA05BC3D2C556EB6007ED04E /* Dancer */,
			);
		};
/* End PBXProject section */

/* Begin PBXResourcesBuildPhase section */
		DA05BC3C2C556EB6007ED04E /* Resources */ = {
			isa = PBXResourcesBuildPhase;
			buildActionMask = 2147483647;
			files = (
				DAC8E0AD2C58452E009CC84B /* Preview Assets.xcassets in Resources */,
				DAC8E0B32C58452E009CC84B /* Assets.xcassets in Resources */,
			);
			runOnlyForDeploymentPostprocessing = 0;
		};
/* End PBXResourcesBuildPhase section */

/* Begin PBXSourcesBuildPhase section */
		DA05BC3A2C556EB6007ED04E /* Sources */ = {
			isa = PBXSourcesBuildPhase;
			buildActionMask = 2147483647;
			files = (
				DAC8E0AB2C58452E009CC84B /* Prosigns.swift in Sources */,
				DAC8E0AE2C58452E009CC84B /* CodeTreeView.swift in Sources */,
				DAC8E0AC2C58452E009CC84B /* Signal.swift in Sources */,
				DAC8E0A82C58452E009CC84B /* Code.swift in Sources */,
				DAC8E0B42C58452E009CC84B /* DancerApp.swift in Sources */,
				DAC8E0B12C58452E009CC84B /* SignalView.swift in Sources */,
				DAC8E0B22C58452E009CC84B /* SignView.swift in Sources */,
				DAC8E0B02C58452E009CC84B /* DecoderView.swift in Sources */,
				DAC8E0AF2C58452E009CC84B /* CodeView.swift in Sources */,
				DAC8E0AA2C58452E009CC84B /* CodeTree.swift in Sources */,
				DAC8E0A92C58452E009CC84B /* CodeDictionary.swift in Sources */,
			);
			runOnlyForDeploymentPostprocessing = 0;
		};
/* End PBXSourcesBuildPhase section */

/* Begin XCBuildConfiguration section */
		DA05BC4B2C556EB8007ED04E /* Debug */ = {
			isa = XCBuildConfiguration;
			buildSettings = {
				ALWAYS_SEARCH_USER_PATHS = NO;
				ASSETCATALOG_COMPILER_GENERATE_SWIFT_ASSET_SYMBOL_EXTENSIONS = YES;
				CLANG_ANALYZER_NONNULL = YES;
				CLANG_ANALYZER_NUMBER_OBJECT_CONVERSION = YES_AGGRESSIVE;
				CLANG_CXX_LANGUAGE_STANDARD = "gnu++20";
				CLANG_ENABLE_MODULES = YES;
				CLANG_ENABLE_OBJC_ARC = YES;
				CLANG_ENABLE_OBJC_WEAK = YES;
				CLANG_WARN_BLOCK_CAPTURE_AUTORELEASING = YES;
				CLANG_WARN_BOOL_CONVERSION = YES;
				CLANG_WARN_COMMA = YES;
				CLANG_WARN_CONSTANT_CONVERSION = YES;
				CLANG_WARN_DEPRECATED_OBJC_IMPLEMENTATIONS = YES;
				CLANG_WARN_DIRECT_OBJC_ISA_USAGE = YES_ERROR;
				CLANG_WARN_DOCUMENTATION_COMMENTS = YES;
				CLANG_WARN_EMPTY_BODY = YES;
				CLANG_WARN_ENUM_CONVERSION = YES;
				CLANG_WARN_INFINITE_RECURSION = YES;
				CLANG_WARN_INT_CONVERSION = YES;
				CLANG_WARN_NON_LITERAL_NULL_CONVERSION = YES;
				CLANG_WARN_OBJC_IMPLICIT_RETAIN_SELF = YES;
				CLANG_WARN_OBJC_LITERAL_CONVERSION = YES;
				CLANG_WARN_OBJC_ROOT_CLASS = YES_ERROR;
				CLANG_WARN_QUOTED_INCLUDE_IN_FRAMEWORK_HEADER = YES;
				CLANG_WARN_RANGE_LOOP_ANALYSIS = YES;
				CLANG_WARN_STRICT_PROTOTYPES = YES;
				CLANG_WARN_SUSPICIOUS_MOVE = YES;
				CLANG_WARN_UNGUARDED_AVAILABILITY = YES_AGGRESSIVE;
				CLANG_WARN_UNREACHABLE_CODE = YES;
				CLANG_WARN__DUPLICATE_METHOD_MATCH = YES;
				COPY_PHASE_STRIP = NO;
				DEBUG_INFORMATION_FORMAT = dwarf;
				ENABLE_STRICT_OBJC_MSGSEND = YES;
				ENABLE_TESTABILITY = YES;
				ENABLE_USER_SCRIPT_SANDBOXING = YES;
				GCC_C_LANGUAGE_STANDARD = gnu17;
				GCC_DYNAMIC_NO_PIC = NO;
				GCC_NO_COMMON_BLOCKS = YES;
				GCC_OPTIMIZATION_LEVEL = 0;
				GCC_PREPROCESSOR_DEFINITIONS = (
					"DEBUG=1",
					"$(inherited)",
				);
				GCC_WARN_64_TO_32_BIT_CONVERSION = YES;
				GCC_WARN_ABOUT_RETURN_TYPE = YES_ERROR;
				GCC_WARN_UNDECLARED_SELECTOR = YES;
				GCC_WARN_UNINITIALIZED_AUTOS = YES_AGGRESSIVE;
				GCC_WARN_UNUSED_FUNCTION = YES;
				GCC_WARN_UNUSED_VARIABLE = YES;
				LOCALIZATION_PREFERS_STRING_CATALOGS = YES;
				MACOSX_DEPLOYMENT_TARGET = 14.5;
				MTL_ENABLE_DEBUG_INFO = INCLUDE_SOURCE;
				MTL_FAST_MATH = YES;
				ONLY_ACTIVE_ARCH = YES;
				SDKROOT = macosx;
				SWIFT_ACTIVE_COMPILATION_CONDITIONS = "DEBUG $(inherited)";
				SWIFT_OPTIMIZATION_LEVEL = "-Onone";
			};
			name = Debug;
		};
		DA05BC4C2C556EB8007ED04E /* Release */ = {
			isa = XCBuildConfiguration;
			buildSettings = {
				ALWAYS_SEARCH_USER_PATHS = NO;
				ASSETCATALOG_COMPILER_GENERATE_SWIFT_ASSET_SYMBOL_EXTENSIONS = YES;
				CLANG_ANALYZER_NONNULL = YES;
				CLANG_ANALYZER_NUMBER_OBJECT_CONVERSION = YES_AGGRESSIVE;
				CLANG_CXX_LANGUAGE_STANDARD = "gnu++20";
				CLANG_ENABLE_MODULES = YES;
				CLANG_ENABLE_OBJC_ARC = YES;
				CLANG_ENABLE_OBJC_WEAK = YES;
				CLANG_WARN_BLOCK_CAPTURE_AUTORELEASING = YES;
				CLANG_WARN_BOOL_CONVERSION = YES;
				CLANG_WARN_COMMA = YES;
				CLANG_WARN_CONSTANT_CONVERSION = YES;
				CLANG_WARN_DEPRECATED_OBJC_IMPLEMENTATIONS = YES;
				CLANG_WARN_DIRECT_OBJC_ISA_USAGE = YES_ERROR;
				CLANG_WARN_DOCUMENTATION_COMMENTS = YES;
				CLANG_WARN_EMPTY_BODY = YES;
				CLANG_WARN_ENUM_CONVERSION = YES;
				CLANG_WARN_INFINITE_RECURSION = YES;
				CLANG_WARN_INT_CONVERSION = YES;
				CLANG_WARN_NON_LITERAL_NULL_CONVERSION = YES;
				CLANG_WARN_OBJC_IMPLICIT_RETAIN_SELF = YES;
				CLANG_WARN_OBJC_LITERAL_CONVERSION = YES;
				CLANG_WARN_OBJC_ROOT_CLASS = YES_ERROR;
				CLANG_WARN_QUOTED_INCLUDE_IN_FRAMEWORK_HEADER = YES;
				CLANG_WARN_RANGE_LOOP_ANALYSIS = YES;
				CLANG_WARN_STRICT_PROTOTYPES = YES;
				CLANG_WARN_SUSPICIOUS_MOVE = YES;
				CLANG_WARN_UNGUARDED_AVAILABILITY = YES_AGGRESSIVE;
				CLANG_WARN_UNREACHABLE_CODE = YES;
				CLANG_WARN__DUPLICATE_METHOD_MATCH = YES;
				COPY_PHASE_STRIP = NO;
				DEBUG_INFORMATION_FORMAT = "dwarf-with-dsym";
				ENABLE_NS_ASSERTIONS = NO;
				ENABLE_STRICT_OBJC_MSGSEND = YES;
				ENABLE_USER_SCRIPT_SANDBOXING = YES;
				GCC_C_LANGUAGE_STANDARD = gnu17;
				GCC_NO_COMMON_BLOCKS = YES;
				GCC_WARN_64_TO_32_BIT_CONVERSION = YES;
				GCC_WARN_ABOUT_RETURN_TYPE = YES_ERROR;
				GCC_WARN_UNDECLARED_SELECTOR = YES;
				GCC_WARN_UNINITIALIZED_AUTOS = YES_AGGRESSIVE;
				GCC_WARN_UNUSED_FUNCTION = YES;
				GCC_WARN_UNUSED_VARIABLE = YES;
				LOCALIZATION_PREFERS_STRING_CATALOGS = YES;
				MACOSX_DEPLOYMENT_TARGET = 14.5;
				MTL_ENABLE_DEBUG_INFO = NO;
				MTL_FAST_MATH = YES;
				SDKROOT = macosx;
				SWIFT_COMPILATION_MODE = wholemodule;
			};
			name = Release;
		};
		DA05BC4E2C556EB8007ED04E /* Debug */ = {
			isa = XCBuildConfiguration;
			buildSettings = {
				ASSETCATALOG_COMPILER_APPICON_NAME = AppIcon;
				ASSETCATALOG_COMPILER_GLOBAL_ACCENT_COLOR_NAME = AccentColor;
				CODE_SIGN_ENTITLEMENTS = Dancer/Dancer.entitlements;
				"CODE_SIGN_IDENTITY[sdk=macosx*]" = "Apple Development";
				CODE_SIGN_STYLE = Automatic;
				COMBINE_HIDPI_IMAGES = YES;
				CURRENT_PROJECT_VERSION = 1;
				DEVELOPMENT_ASSET_PATHS = "\"Dancer/Preview Content\"";
				DEVELOPMENT_TEAM = 67Y4NSLDQ3;
				ENABLE_HARDENED_RUNTIME = YES;
				ENABLE_PREVIEWS = YES;
				GENERATE_INFOPLIST_FILE = YES;
				INFOPLIST_KEY_NSHumanReadableCopyright = "";
				LD_RUNPATH_SEARCH_PATHS = (
					"$(inherited)",
					"@executable_path/../Frameworks",
				);
				MARKETING_VERSION = 1.0;
				PRODUCT_BUNDLE_IDENTIFIER = org.operatorfoundation.Dancer;
				PRODUCT_NAME = "$(TARGET_NAME)";
				SWIFT_EMIT_LOC_STRINGS = YES;
				SWIFT_VERSION = 5.0;
			};
			name = Debug;
		};
		DA05BC4F2C556EB8007ED04E /* Release */ = {
			isa = XCBuildConfiguration;
			buildSettings = {
				ASSETCATALOG_COMPILER_APPICON_NAME = AppIcon;
				ASSETCATALOG_COMPILER_GLOBAL_ACCENT_COLOR_NAME = AccentColor;
				CODE_SIGN_ENTITLEMENTS = Dancer/Dancer.entitlements;
				"CODE_SIGN_IDENTITY[sdk=macosx*]" = "Apple Development";
				CODE_SIGN_STYLE = Automatic;
				COMBINE_HIDPI_IMAGES = YES;
				CURRENT_PROJECT_VERSION = 1;
				DEVELOPMENT_ASSET_PATHS = "\"Dancer/Preview Content\"";
				DEVELOPMENT_TEAM = 67Y4NSLDQ3;
				ENABLE_HARDENED_RUNTIME = YES;
				ENABLE_PREVIEWS = YES;
				GENERATE_INFOPLIST_FILE = YES;
				INFOPLIST_KEY_NSHumanReadableCopyright = "";
				LD_RUNPATH_SEARCH_PATHS = (
					"$(inherited)",
					"@executable_path/../Frameworks",
				);
				MARKETING_VERSION = 1.0;
				PRODUCT_BUNDLE_IDENTIFIER = org.operatorfoundation.Dancer;
				PRODUCT_NAME = "$(TARGET_NAME)";
				SWIFT_EMIT_LOC_STRINGS = YES;
				SWIFT_VERSION = 5.0;
			};
			name = Release;
		};
/* End XCBuildConfiguration section */

/* Begin XCConfigurationList section */
		DA05BC392C556EB6007ED04E /* Build configuration list for PBXProject "Dancer" */ = {
			isa = XCConfigurationList;
			buildConfigurations = (
				DA05BC4B2C556EB8007ED04E /* Debug */,
				DA05BC4C2C556EB8007ED04E /* Release */,
			);
			defaultConfigurationIsVisible = 0;
			defaultConfigurationName = Release;
		};
		DA05BC4D2C556EB8007ED04E /* Build configuration list for PBXNativeTarget "Dancer" */ = {
			isa = XCConfigurationList;
			buildConfigurations = (
				DA05BC4E2C556EB8007ED04E /* Debug */,
				DA05BC4F2C556EB8007ED04E /* Release */,
			);
			defaultConfigurationIsVisible = 0;
			defaultConfigurationName = Release;
		};
/* End XCConfigurationList section */
	};
	rootObject = DA05BC362C556EB6007ED04E /* Project object */;
}
